
Microsoft Visual Studio Solution File, Format Version 12.00
# Visual Studio Version 16
VisualStudioVersion = 16.0.31410.357
MinimumVisualStudioVersion = 10.0.40219.1
Project("{FAE04EC0-301F-11D3-BF4B-00C04F79EFBC}") = "Sistema", "Sistema.csproj", "{BF2CA54A-B015-479C-8EDB-43DC735C1553}"
EndProject
Global
	GlobalSection(SolutionConfigurationPlatforms) = preSolution
		Debug|Any CPU = Debug|Any CPU
		Release|Any CPU = Release|Any CPU
	EndGlobalSection
	GlobalSection(ProjectConfigurationPlatforms) = postSolution
		{BF2CA54A-B015-479C-8EDB-43DC735C1553}.Debug|Any CPU.ActiveCfg = Debug|Any CPU
		{BF2CA54A-B015-479C-8EDB-43DC735C1553}.Debug|Any CPU.Build.0 = Debug|Any CPU
		{BF2CA54A-B015-479C-8EDB-43DC735C1553}.Release|Any CPU.ActiveCfg = Release|Any CPU
		{BF2CA54A-B015-479C-8EDB-43DC735C1553}.Release|Any CPU.Build.0 = Release|Any CPU
	EndGlobalSection
	GlobalSection(SolutionProperties) = preSolution
		HideSolutionNode = FALSE
	EndGlobalSection
	GlobalSection(ExtensibilityGlobals) = postSolution
		SolutionGuid = {7BBE25AE-A501-48A9-BAA1-B64C03A8BC6B}
	EndGlobalSection
EndGlobal
